// !$*UTF8*$!
{
	archiveVersion = 1;
	classes = {
	};
	objectVersion = 55;
	objects = {

/* Begin PBXBuildFile section */
		3A63A724274C01C0005775F4 /* AppDelegate.swift in Sources */ = {isa = PBXBuildFile; fileRef = 3A63A723274C01C0005775F4 /* AppDelegate.swift */; };
		3A63A726274C01C0005775F4 /* SceneDelegate.swift in Sources */ = {isa = PBXBuildFile; fileRef = 3A63A725274C01C0005775F4 /* SceneDelegate.swift */; };
		3A63A728274C01C0005775F4 /* PokemonVC.swift in Sources */ = {isa = PBXBuildFile; fileRef = 3A63A727274C01C0005775F4 /* PokemonVC.swift */; };
		3A63A72D274C01C1005775F4 /* Assets.xcassets in Resources */ = {isa = PBXBuildFile; fileRef = 3A63A72C274C01C1005775F4 /* Assets.xcassets */; };
		3A63A730274C01C1005775F4 /* LaunchScreen.storyboard in Resources */ = {isa = PBXBuildFile; fileRef = 3A63A72E274C01C1005775F4 /* LaunchScreen.storyboard */; };
		3A63A739274C0431005775F4 /* Pokemon.swift in Sources */ = {isa = PBXBuildFile; fileRef = 3A63A738274C0431005775F4 /* Pokemon.swift */; };
		3A63A73B274C04A1005775F4 /* pokemon.xcassets in Resources */ = {isa = PBXBuildFile; fileRef = 3A63A73A274C04A1005775F4 /* pokemon.xcassets */; };
		3A63A740274C0777005775F4 /* Constants.swift in Sources */ = {isa = PBXBuildFile; fileRef = 3A63A73F274C0777005775F4 /* Constants.swift */; };
		3A63A742274C0ABC005775F4 /* UIView+Ext.swift in Sources */ = {isa = PBXBuildFile; fileRef = 3A63A741274C0ABC005775F4 /* UIView+Ext.swift */; };
		3A63A744274C0B06005775F4 /* PokemonViewCell.swift in Sources */ = {isa = PBXBuildFile; fileRef = 3A63A743274C0B06005775F4 /* PokemonViewCell.swift */; };
/* End PBXBuildFile section */

/* Begin PBXFileReference section */
		3A63A720274C01C0005775F4 /* Week1Assignment.app */ = {isa = PBXFileReference; explicitFileType = wrapper.application; includeInIndex = 0; path = Week1Assignment.app; sourceTree = BUILT_PRODUCTS_DIR; };
		3A63A723274C01C0005775F4 /* AppDelegate.swift */ = {isa = PBXFileReference; lastKnownFileType = sourcecode.swift; path = AppDelegate.swift; sourceTree = "<group>"; };
		3A63A725274C01C0005775F4 /* SceneDelegate.swift */ = {isa = PBXFileReference; lastKnownFileType = sourcecode.swift; path = SceneDelegate.swift; sourceTree = "<group>"; };
		3A63A727274C01C0005775F4 /* PokemonVC.swift */ = {isa = PBXFileReference; lastKnownFileType = sourcecode.swift; path = PokemonVC.swift; sourceTree = "<group>"; };
		3A63A72C274C01C1005775F4 /* Assets.xcassets */ = {isa = PBXFileReference; lastKnownFileType = folder.assetcatalog; path = Assets.xcassets; sourceTree = "<group>"; };
		3A63A72F274C01C1005775F4 /* Base */ = {isa = PBXFileReference; lastKnownFileType = file.storyboard; name = Base; path = Base.lproj/LaunchScreen.storyboard; sourceTree = "<group>"; };
		3A63A731274C01C1005775F4 /* Info.plist */ = {isa = PBXFileReference; lastKnownFileType = text.plist.xml; path = Info.plist; sourceTree = "<group>"; };
		3A63A738274C0431005775F4 /* Pokemon.swift */ = {isa = PBXFileReference; lastKnownFileType = sourcecode.swift; path = Pokemon.swift; sourceTree = "<group>"; };
		3A63A73A274C04A1005775F4 /* pokemon.xcassets */ = {isa = PBXFileReference; lastKnownFileType = folder.assetcatalog; path = pokemon.xcassets; sourceTree = "<group>"; };
		3A63A73F274C0777005775F4 /* Constants.swift */ = {isa = PBXFileReference; lastKnownFileType = sourcecode.swift; path = Constants.swift; sourceTree = "<group>"; };
		3A63A741274C0ABC005775F4 /* UIView+Ext.swift */ = {isa = PBXFileReference; lastKnownFileType = sourcecode.swift; path = "UIView+Ext.swift"; sourceTree = "<group>"; };
		3A63A743274C0B06005775F4 /* PokemonViewCell.swift */ = {isa = PBXFileReference; lastKnownFileType = sourcecode.swift; path = PokemonViewCell.swift; sourceTree = "<group>"; };
/* End PBXFileReference section */

/* Begin PBXFrameworksBuildPhase section */
		3A63A71D274C01C0005775F4 /* Frameworks */ = {
			isa = PBXFrameworksBuildPhase;
			buildActionMask = 2147483647;
			files = (
			);
			runOnlyForDeploymentPostprocessing = 0;
		};
/* End PBXFrameworksBuildPhase section */

/* Begin PBXGroup section */
		3A63A717274C01C0005775F4 = {
			isa = PBXGroup;
			children = (
				3A63A722274C01C0005775F4 /* Week1Assignment */,
				3A63A721274C01C0005775F4 /* Products */,
			);
			sourceTree = "<group>";
		};
		3A63A721274C01C0005775F4 /* Products */ = {
			isa = PBXGroup;
			children = (
				3A63A720274C01C0005775F4 /* Week1Assignment.app */,
			);
			name = Products;
			sourceTree = "<group>";
		};
		3A63A722274C01C0005775F4 /* Week1Assignment */ = {
			isa = PBXGroup;
			children = (
				3A63A73E274C0762005775F4 /* Utils */,
				3A63A723274C01C0005775F4 /* AppDelegate.swift */,
				3A63A725274C01C0005775F4 /* SceneDelegate.swift */,
				3A63A727274C01C0005775F4 /* PokemonVC.swift */,
				3A63A737274C03DE005775F4 /* Pokemon */,
				3A63A72C274C01C1005775F4 /* Assets.xcassets */,
				3A63A72E274C01C1005775F4 /* LaunchScreen.storyboard */,
				3A63A731274C01C1005775F4 /* Info.plist */,
				3A63A73A274C04A1005775F4 /* pokemon.xcassets */,
			);
			path = Week1Assignment;
			sourceTree = "<group>";
		};
		3A63A737274C03DE005775F4 /* Pokemon */ = {
			isa = PBXGroup;
			children = (
				3A63A738274C0431005775F4 /* Pokemon.swift */,
			);
			path = Pokemon;
			sourceTree = "<group>";
		};
		3A63A73E274C0762005775F4 /* Utils */ = {
			isa = PBXGroup;
			children = (
				3A63A73F274C0777005775F4 /* Constants.swift */,
				3A63A741274C0ABC005775F4 /* UIView+Ext.swift */,
				3A63A743274C0B06005775F4 /* PokemonViewCell.swift */,
			);
			path = Utils;
			sourceTree = "<group>";
		};
/* End PBXGroup section */

/* Begin PBXNativeTarget section */
		3A63A71F274C01C0005775F4 /* Week1Assignment */ = {
			isa = PBXNativeTarget;
			buildConfigurationList = 3A63A734274C01C1005775F4 /* Build configuration list for PBXNativeTarget "Week1Assignment" */;
			buildPhases = (
				3A63A71C274C01C0005775F4 /* Sources */,
				3A63A71D274C01C0005775F4 /* Frameworks */,
				3A63A71E274C01C0005775F4 /* Resources */,
			);
			buildRules = (
			);
			dependencies = (
			);
			name = Week1Assignment;
			productName = Week1Assignment;
			productReference = 3A63A720274C01C0005775F4 /* Week1Assignment.app */;
			productType = "com.apple.product-type.application";
		};
/* End PBXNativeTarget section */

/* Begin PBXProject section */
		3A63A718274C01C0005775F4 /* Project object */ = {
			isa = PBXProject;
			attributes = {
				BuildIndependentTargetsInParallel = 1;
				LastSwiftUpdateCheck = 1310;
				LastUpgradeCheck = 1310;
				TargetAttributes = {
					3A63A71F274C01C0005775F4 = {
						CreatedOnToolsVersion = 13.1;
					};
				};
			};
			buildConfigurationList = 3A63A71B274C01C0005775F4 /* Build configuration list for PBXProject "Week1Assignment" */;
			compatibilityVersion = "Xcode 13.0";
			developmentRegion = en;
			hasScannedForEncodings = 0;
			knownRegions = (
				en,
				Base,
			);
			mainGroup = 3A63A717274C01C0005775F4;
			productRefGroup = 3A63A721274C01C0005775F4 /* Products */;
			projectDirPath = "";
			projectRoot = "";
			targets = (
				3A63A71F274C01C0005775F4 /* Week1Assignment */,
			);
		};
/* End PBXProject section */

/* Begin PBXResourcesBuildPhase section */
		3A63A71E274C01C0005775F4 /* Resources */ = {
			isa = PBXResourcesBuildPhase;
			buildActionMask = 2147483647;
			files = (
				3A63A73B274C04A1005775F4 /* pokemon.xcassets in Resources */,
				3A63A730274C01C1005775F4 /* LaunchScreen.storyboard in Resources */,
				3A63A72D274C01C1005775F4 /* Assets.xcassets in Resources */,
			);
			runOnlyForDeploymentPostprocessing = 0;
		};
/* End PBXResourcesBuildPhase section */

/* Begin PBXSourcesBuildPhase section */
		3A63A71C274C01C0005775F4 /* Sources */ = {
			isa = PBXSourcesBuildPhase;
			buildActionMask = 2147483647;
			files = (
				3A63A740274C0777005775F4 /* Constants.swift in Sources */,
				3A63A728274C01C0005775F4 /* PokemonVC.swift in Sources */,
				3A63A742274C0ABC005775F4 /* UIView+Ext.swift in Sources */,
				3A63A744274C0B06005775F4 /* PokemonViewCell.swift in Sources */,
				3A63A739274C0431005775F4 /* Pokemon.swift in Sources */,
				3A63A724274C01C0005775F4 /* AppDelegate.swift in Sources */,
				3A63A726274C01C0005775F4 /* SceneDelegate.swift in Sources */,
			);
			runOnlyForDeploymentPostprocessing = 0;
		};
/* End PBXSourcesBuildPhase section */

/* Begin PBXVariantGroup section */
		3A63A72E274C01C1005775F4 /* LaunchScreen.storyboard */ = {
			isa = PBXVariantGroup;
			children = (
				3A63A72F274C01C1005775F4 /* Base */,
			);
			name = LaunchScreen.storyboard;
			sourceTree = "<group>";
		};
/* End PBXVariantGroup section */

/* Begin XCBuildConfiguration section */
		3A63A732274C01C1005775F4 /* Debug */ = {
			isa = XCBuildConfiguration;
			buildSettings = {
				ALWAYS_SEARCH_USER_PATHS = NO;
				CLANG_ANALYZER_NONNULL = YES;
				CLANG_ANALYZER_NUMBER_OBJECT_CONVERSION = YES_AGGRESSIVE;
				CLANG_CXX_LANGUAGE_STANDARD = "gnu++17";
				CLANG_CXX_LIBRARY = "libc++";
				CLANG_ENABLE_MODULES = YES;
				CLANG_ENABLE_OBJC_ARC = YES;
				CLANG_ENABLE_OBJC_WEAK = YES;
				CLANG_WARN_BLOCK_CAPTURE_AUTORELEASING = YES;
				CLANG_WARN_BOOL_CONVERSION = YES;
				CLANG_WARN_COMMA = YES;
				CLANG_WARN_CONSTANT_CONVERSION = YES;
				CLANG_WARN_DEPRECATED_OBJC_IMPLEMENTATIONS = YES;
				CLANG_WARN_DIRECT_OBJC_ISA_USAGE = YES_ERROR;
				CLANG_WARN_DOCUMENTATION_COMMENTS = YES;
				CLANG_WARN_EMPTY_BODY = YES;
				CLANG_WARN_ENUM_CONVERSION = YES;
				CLANG_WARN_INFINITE_RECURSION = YES;
				CLANG_WARN_INT_CONVERSION = YES;
				CLANG_WARN_NON_LITERAL_NULL_CONVERSION = YES;
				CLANG_WARN_OBJC_IMPLICIT_RETAIN_SELF = YES;
				CLANG_WARN_OBJC_LITERAL_CONVERSION = YES;
				CLANG_WARN_OBJC_ROOT_CLASS = YES_ERROR;
				CLANG_WARN_QUOTED_INCLUDE_IN_FRAMEWORK_HEADER = YES;
				CLANG_WARN_RANGE_LOOP_ANALYSIS = YES;
				CLANG_WARN_STRICT_PROTOTYPES = YES;
				CLANG_WARN_SUSPICIOUS_MOVE = YES;
				CLANG_WARN_UNGUARDED_AVAILABILITY = YES_AGGRESSIVE;
				CLANG_WARN_UNREACHABLE_CODE = YES;
				CLANG_WARN__DUPLICATE_METHOD_MATCH = YES;
				COPY_PHASE_STRIP = NO;
				DEBUG_INFORMATION_FORMAT = dwarf;
				ENABLE_STRICT_OBJC_MSGSEND = YES;
				ENABLE_TESTABILITY = YES;
				GCC_C_LANGUAGE_STANDARD = gnu11;
				GCC_DYNAMIC_NO_PIC = NO;
				GCC_NO_COMMON_BLOCKS = YES;
				GCC_OPTIMIZATION_LEVEL = 0;
				GCC_PREPROCESSOR_DEFINITIONS = (
					"DEBUG=1",
					"$(inherited)",
				);
				GCC_WARN_64_TO_32_BIT_CONVERSION = YES;
				GCC_WARN_ABOUT_RETURN_TYPE = YES_ERROR;
				GCC_WARN_UNDECLARED_SELECTOR = YES;
				GCC_WARN_UNINITIALIZED_AUTOS = YES_AGGRESSIVE;
				GCC_WARN_UNUSED_FUNCTION = YES;
				GCC_WARN_UNUSED_VARIABLE = YES;
				IPHONEOS_DEPLOYMENT_TARGET = 15.0;
				MTL_ENABLE_DEBUG_INFO = INCLUDE_SOURCE;
				MTL_FAST_MATH = YES;
				ONLY_ACTIVE_ARCH = YES;
				SDKROOT = iphoneos;
				SWIFT_ACTIVE_COMPILATION_CONDITIONS = DEBUG;
				SWIFT_OPTIMIZATION_LEVEL = "-Onone";
			};
			name = Debug;
		};
		3A63A733274C01C1005775F4 /* Release */ = {
			isa = XCBuildConfiguration;
			buildSettings = {
				ALWAYS_SEARCH_USER_PATHS = NO;
				CLANG_ANALYZER_NONNULL = YES;
				CLANG_ANALYZER_NUMBER_OBJECT_CONVERSION = YES_AGGRESSIVE;
				CLANG_CXX_LANGUAGE_STANDARD = "gnu++17";
				CLANG_CXX_LIBRARY = "libc++";
				CLANG_ENABLE_MODULES = YES;
				CLANG_ENABLE_OBJC_ARC = YES;
				CLANG_ENABLE_OBJC_WEAK = YES;
				CLANG_WARN_BLOCK_CAPTURE_AUTORELEASING = YES;
				CLANG_WARN_BOOL_CONVERSION = YES;
				CLANG_WARN_COMMA = YES;
				CLANG_WARN_CONSTANT_CONVERSION = YES;
				CLANG_WARN_DEPRECATED_OBJC_IMPLEMENTATIONS = YES;
				CLANG_WARN_DIRECT_OBJC_ISA_USAGE = YES_ERROR;
				CLANG_WARN_DOCUMENTATION_COMMENTS = YES;
				CLANG_WARN_EMPTY_BODY = YES;
				CLANG_WARN_ENUM_CONVERSION = YES;
				CLANG_WARN_INFINITE_RECURSION = YES;
				CLANG_WARN_INT_CONVERSION = YES;
				CLANG_WARN_NON_LITERAL_NULL_CONVERSION = YES;
				CLANG_WARN_OBJC_IMPLICIT_RETAIN_SELF = YES;
				CLANG_WARN_OBJC_LITERAL_CONVERSION = YES;
				CLANG_WARN_OBJC_ROOT_CLASS = YES_ERROR;
				CLANG_WARN_QUOTED_INCLUDE_IN_FRAMEWORK_HEADER = YES;
				CLANG_WARN_RANGE_LOOP_ANALYSIS = YES;
				CLANG_WARN_STRICT_PROTOTYPES = YES;
				CLANG_WARN_SUSPICIOUS_MOVE = YES;
				CLANG_WARN_UNGUARDED_AVAILABILITY = YES_AGGRESSIVE;
				CLANG_WARN_UNREACHABLE_CODE = YES;
				CLANG_WARN__DUPLICATE_METHOD_MATCH = YES;
				COPY_PHASE_STRIP = NO;
				DEBUG_INFORMATION_FORMAT = "dwarf-with-dsym";
				ENABLE_NS_ASSERTIONS = NO;
				ENABLE_STRICT_OBJC_MSGSEND = YES;
				GCC_C_LANGUAGE_STANDARD = gnu11;
				GCC_NO_COMMON_BLOCKS = YES;
				GCC_WARN_64_TO_32_BIT_CONVERSION = YES;
				GCC_WARN_ABOUT_RETURN_TYPE = YES_ERROR;
				GCC_WARN_UNDECLARED_SELECTOR = YES;
				GCC_WARN_UNINITIALIZED_AUTOS = YES_AGGRESSIVE;
				GCC_WARN_UNUSED_FUNCTION = YES;
				GCC_WARN_UNUSED_VARIABLE = YES;
				IPHONEOS_DEPLOYMENT_TARGET = 15.0;
				MTL_ENABLE_DEBUG_INFO = NO;
				MTL_FAST_MATH = YES;
				SDKROOT = iphoneos;
				SWIFT_COMPILATION_MODE = wholemodule;
				SWIFT_OPTIMIZATION_LEVEL = "-O";
				VALIDATE_PRODUCT = YES;
			};
			name = Release;
		};
		3A63A735274C01C1005775F4 /* Debug */ = {
			isa = XCBuildConfiguration;
			buildSettings = {
				ASSETCATALOG_COMPILER_APPICON_NAME = AppIcon;
				ASSETCATALOG_COMPILER_GLOBAL_ACCENT_COLOR_NAME = AccentColor;
				CODE_SIGN_STYLE = Automatic;
				CURRENT_PROJECT_VERSION = 1;
				DEVELOPMENT_TEAM = 4J72ZBFYW5;
				GENERATE_INFOPLIST_FILE = YES;
				INFOPLIST_FILE = Week1Assignment/Info.plist;
				INFOPLIST_KEY_UIApplicationSupportsIndirectInputEvents = YES;
				INFOPLIST_KEY_UILaunchStoryboardName = LaunchScreen;
				INFOPLIST_KEY_UISupportedInterfaceOrientations_iPad = "UIInterfaceOrientationPortrait UIInterfaceOrientationPortraitUpsideDown UIInterfaceOrientationLandscapeLeft UIInterfaceOrientationLandscapeRight";
				INFOPLIST_KEY_UISupportedInterfaceOrientations_iPhone = "UIInterfaceOrientationPortrait UIInterfaceOrientationLandscapeLeft UIInterfaceOrientationLandscapeRight";
				LD_RUNPATH_SEARCH_PATHS = (
					"$(inherited)",
					"@executable_path/Frameworks",
				);
				MARKETING_VERSION = 1.0;
				PRODUCT_BUNDLE_IDENTIFIER = com.kenredillas.Week1Assignment;
				PRODUCT_NAME = "$(TARGET_NAME)";
				SWIFT_EMIT_LOC_STRINGS = YES;
				SWIFT_VERSION = 5.0;
				TARGETED_DEVICE_FAMILY = "1,2";
			};
			name = Debug;
		};
		3A63A736274C01C1005775F4 /* Release */ = {
			isa = XCBuildConfiguration;
			buildSettings = {
				ASSETCATALOG_COMPILER_APPICON_NAME = AppIcon;
				ASSETCATALOG_COMPILER_GLOBAL_ACCENT_COLOR_NAME = AccentColor;
				CODE_SIGN_STYLE = Automatic;
				CURRENT_PROJECT_VERSION = 1;
				DEVELOPMENT_TEAM = 4J72ZBFYW5;
				GENERATE_INFOPLIST_FILE = YES;
				INFOPLIST_FILE = Week1Assignment/Info.plist;
				INFOPLIST_KEY_UIApplicationSupportsIndirectInputEvents = YES;
				INFOPLIST_KEY_UILaunchStoryboardName = LaunchScreen;
				INFOPLIST_KEY_UISupportedInterfaceOrientations_iPad = "UIInterfaceOrientationPortrait UIInterfaceOrientationPortraitUpsideDown UIInterfaceOrientationLandscapeLeft UIInterfaceOrientationLandscapeRight";
				INFOPLIST_KEY_UISupportedInterfaceOrientations_iPhone = "UIInterfaceOrientationPortrait UIInterfaceOrientationLandscapeLeft UIInterfaceOrientationLandscapeRight";
				LD_RUNPATH_SEARCH_PATHS = (
					"$(inherited)",
					"@executable_path/Frameworks",
				);
				MARKETING_VERSION = 1.0;
				PRODUCT_BUNDLE_IDENTIFIER = com.kenredillas.Week1Assignment;
				PRODUCT_NAME = "$(TARGET_NAME)";
				SWIFT_EMIT_LOC_STRINGS = YES;
				SWIFT_VERSION = 5.0;
				TARGETED_DEVICE_FAMILY = "1,2";
			};
			name = Release;
		};
/* End XCBuildConfiguration section */

/* Begin XCConfigurationList section */
		3A63A71B274C01C0005775F4 /* Build configuration list for PBXProject "Week1Assignment" */ = {
			isa = XCConfigurationList;
			buildConfigurations = (
				3A63A732274C01C1005775F4 /* Debug */,
				3A63A733274C01C1005775F4 /* Release */,
			);
			defaultConfigurationIsVisible = 0;
			defaultConfigurationName = Release;
		};
		3A63A734274C01C1005775F4 /* Build configuration list for PBXNativeTarget "Week1Assignment" */ = {
			isa = XCConfigurationList;
			buildConfigurations = (
				3A63A735274C01C1005775F4 /* Debug */,
				3A63A736274C01C1005775F4 /* Release */,
			);
			defaultConfigurationIsVisible = 0;
			defaultConfigurationName = Release;
		};
/* End XCConfigurationList section */
	};
	rootObject = 3A63A718274C01C0005775F4 /* Project object */;
}
